
Microsoft Visual Studio Solution File, Format Version 12.00
# Visual Studio Version 16
VisualStudioVersion = 16.0.29215.179
MinimumVisualStudioVersion = 10.0.40219.1
Project("{9A19103F-16F7-4668-BE54-9A1E7A4F7556}") = "MyTips.Common", "MyTips.Common\MyTips.Common.csproj", "{342D3FD4-04B5-4B73-8D05-2A296E984BF4}"
EndProject
Project("{9A19103F-16F7-4668-BE54-9A1E7A4F7556}") = "MyTips.Web", "MyTips.Web\MyTips.Web.csproj", "{A39FDF87-4822-464C-B0F8-EDC1FC379693}"
EndProject
Project("{FAE04EC0-301F-11D3-BF4B-00C04F79EFBC}") = "MyTips.Prism", "MyTips.Prism\MyTips.Prism\MyTips.Prism.csproj", "{3C9DFF2F-2C58-4157-9E1C-8E4A7D2D1A09}"
EndProject
Project("{FAE04EC0-301F-11D3-BF4B-00C04F79EFBC}") = "MyTips.Prism.Android", "MyTips.Prism\MyTips.Prism.Android\MyTips.Prism.Android.csproj", "{B611DF41-94ED-4EA0-8BFF-7DDB3A80CA42}"
EndProject
Project("{FAE04EC0-301F-11D3-BF4B-00C04F79EFBC}") = "MyTips.Prism.iOS", "MyTips.Prism\MyTips.Prism.iOS\MyTips.Prism.iOS.csproj", "{45D7E694-F5CD-41F4-9755-91962BCB4CBB}"
EndProject
Global
	GlobalSection(SolutionConfigurationPlatforms) = preSolution
		Ad-Hoc|Any CPU = Ad-Hoc|Any CPU
		Ad-Hoc|ARM = Ad-Hoc|ARM
		Ad-Hoc|iPhone = Ad-Hoc|iPhone
		Ad-Hoc|iPhoneSimulator = Ad-Hoc|iPhoneSimulator
		Ad-Hoc|x64 = Ad-Hoc|x64
		Ad-Hoc|x86 = Ad-Hoc|x86
		AppStore|Any CPU = AppStore|Any CPU
		AppStore|ARM = AppStore|ARM
		AppStore|iPhone = AppStore|iPhone
		AppStore|iPhoneSimulator = AppStore|iPhoneSimulator
		AppStore|x64 = AppStore|x64
		AppStore|x86 = AppStore|x86
		Debug|Any CPU = Debug|Any CPU
		Debug|ARM = Debug|ARM
		Debug|iPhone = Debug|iPhone
		Debug|iPhoneSimulator = Debug|iPhoneSimulator
		Debug|x64 = Debug|x64
		Debug|x86 = Debug|x86
		Release|Any CPU = Release|Any CPU
		Release|ARM = Release|ARM
		Release|iPhone = Release|iPhone
		Release|iPhoneSimulator = Release|iPhoneSimulator
		Release|x64 = Release|x64
		Release|x86 = Release|x86
	EndGlobalSection
	GlobalSection(ProjectConfigurationPlatforms) = postSolution
		{342D3FD4-04B5-4B73-8D05-2A296E984BF4}.Ad-Hoc|Any CPU.ActiveCfg = Release|Any CPU
		{342D3FD4-04B5-4B73-8D05-2A296E984BF4}.Ad-Hoc|Any CPU.Build.0 = Release|Any CPU
		{342D3FD4-04B5-4B73-8D05-2A296E984BF4}.Ad-Hoc|ARM.ActiveCfg = Debug|Any CPU
		{342D3FD4-04B5-4B73-8D05-2A296E984BF4}.Ad-Hoc|ARM.Build.0 = Debug|Any CPU
		{342D3FD4-04B5-4B73-8D05-2A296E984BF4}.Ad-Hoc|iPhone.ActiveCfg = Release|Any CPU
		{342D3FD4-04B5-4B73-8D05-2A296E984BF4}.Ad-Hoc|iPhone.Build.0 = Release|Any CPU
		{342D3FD4-04B5-4B73-8D05-2A296E984BF4}.Ad-Hoc|iPhoneSimulator.ActiveCfg = Release|Any CPU
		{342D3FD4-04B5-4B73-8D05-2A296E984BF4}.Ad-Hoc|iPhoneSimulator.Build.0 = Release|Any CPU
		{342D3FD4-04B5-4B73-8D05-2A296E984BF4}.Ad-Hoc|x64.ActiveCfg = Debug|Any CPU
		{342D3FD4-04B5-4B73-8D05-2A296E984BF4}.Ad-Hoc|x64.Build.0 = Debug|Any CPU
		{342D3FD4-04B5-4B73-8D05-2A296E984BF4}.Ad-Hoc|x86.ActiveCfg = Debug|Any CPU
		{342D3FD4-04B5-4B73-8D05-2A296E984BF4}.Ad-Hoc|x86.Build.0 = Debug|Any CPU
		{342D3FD4-04B5-4B73-8D05-2A296E984BF4}.AppStore|Any CPU.ActiveCfg = Release|Any CPU
		{342D3FD4-04B5-4B73-8D05-2A296E984BF4}.AppStore|Any CPU.Build.0 = Release|Any CPU
		{342D3FD4-04B5-4B73-8D05-2A296E984BF4}.AppStore|ARM.ActiveCfg = Debug|Any CPU
		{342D3FD4-04B5-4B73-8D05-2A296E984BF4}.AppStore|ARM.Build.0 = Debug|Any CPU
		{342D3FD4-04B5-4B73-8D05-2A296E984BF4}.AppStore|iPhone.ActiveCfg = Release|Any CPU
		{342D3FD4-04B5-4B73-8D05-2A296E984BF4}.AppStore|iPhone.Build.0 = Release|Any CPU
		{342D3FD4-04B5-4B73-8D05-2A296E984BF4}.AppStore|iPhoneSimulator.ActiveCfg = Release|Any CPU
		{342D3FD4-04B5-4B73-8D05-2A296E984BF4}.AppStore|iPhoneSimulator.Build.0 = Release|Any CPU
		{342D3FD4-04B5-4B73-8D05-2A296E984BF4}.AppStore|x64.ActiveCfg = Debug|Any CPU
		{342D3FD4-04B5-4B73-8D05-2A296E984BF4}.AppStore|x64.Build.0 = Debug|Any CPU
		{342D3FD4-04B5-4B73-8D05-2A296E984BF4}.AppStore|x86.ActiveCfg = Debug|Any CPU
		{342D3FD4-04B5-4B73-8D05-2A296E984BF4}.AppStore|x86.Build.0 = Debug|Any CPU
		{342D3FD4-04B5-4B73-8D05-2A296E984BF4}.Debug|Any CPU.ActiveCfg = Debug|Any CPU
		{342D3FD4-04B5-4B73-8D05-2A296E984BF4}.Debug|Any CPU.Build.0 = Debug|Any CPU
		{342D3FD4-04B5-4B73-8D05-2A296E984BF4}.Debug|ARM.ActiveCfg = Debug|Any CPU
		{342D3FD4-04B5-4B73-8D05-2A296E984BF4}.Debug|ARM.Build.0 = Debug|Any CPU
		{342D3FD4-04B5-4B73-8D05-2A296E984BF4}.Debug|iPhone.ActiveCfg = Debug|Any CPU
		{342D3FD4-04B5-4B73-8D05-2A296E984BF4}.Debug|iPhone.Build.0 = Debug|Any CPU
		{342D3FD4-04B5-4B73-8D05-2A296E984BF4}.Debug|iPhoneSimulator.ActiveCfg = Debug|Any CPU
		{342D3FD4-04B5-4B73-8D05-2A296E984BF4}.Debug|iPhoneSimulator.Build.0 = Debug|Any CPU
		{342D3FD4-04B5-4B73-8D05-2A296E984BF4}.Debug|x64.ActiveCfg = Debug|Any CPU
		{342D3FD4-04B5-4B73-8D05-2A296E984BF4}.Debug|x64.Build.0 = Debug|Any CPU
		{342D3FD4-04B5-4B73-8D05-2A296E984BF4}.Debug|x86.ActiveCfg = Debug|Any CPU
		{342D3FD4-04B5-4B73-8D05-2A296E984BF4}.Debug|x86.Build.0 = Debug|Any CPU
		{342D3FD4-04B5-4B73-8D05-2A296E984BF4}.Release|Any CPU.ActiveCfg = Release|Any CPU
		{342D3FD4-04B5-4B73-8D05-2A296E984BF4}.Release|Any CPU.Build.0 = Release|Any CPU
		{342D3FD4-04B5-4B73-8D05-2A296E984BF4}.Release|ARM.ActiveCfg = Release|Any CPU
		{342D3FD4-04B5-4B73-8D05-2A296E984BF4}.Release|ARM.Build.0 = Release|Any CPU
		{342D3FD4-04B5-4B73-8D05-2A296E984BF4}.Release|iPhone.ActiveCfg = Release|Any CPU
		{342D3FD4-04B5-4B73-8D05-2A296E984BF4}.Release|iPhone.Build.0 = Release|Any CPU
		{342D3FD4-04B5-4B73-8D05-2A296E984BF4}.Release|iPhoneSimulator.ActiveCfg = Release|Any CPU
		{342D3FD4-04B5-4B73-8D05-2A296E984BF4}.Release|iPhoneSimulator.Build.0 = Release|Any CPU
		{342D3FD4-04B5-4B73-8D05-2A296E984BF4}.Release|x64.ActiveCfg = Release|Any CPU
		{342D3FD4-04B5-4B73-8D05-2A296E984BF4}.Release|x64.Build.0 = Release|Any CPU
		{342D3FD4-04B5-4B73-8D05-2A296E984BF4}.Release|x86.ActiveCfg = Release|Any CPU
		{342D3FD4-04B5-4B73-8D05-2A296E984BF4}.Release|x86.Build.0 = Release|Any CPU
		{A39FDF87-4822-464C-B0F8-EDC1FC379693}.Ad-Hoc|Any CPU.ActiveCfg = Release|Any CPU
		{A39FDF87-4822-464C-B0F8-EDC1FC379693}.Ad-Hoc|Any CPU.Build.0 = Release|Any CPU
		{A39FDF87-4822-464C-B0F8-EDC1FC379693}.Ad-Hoc|ARM.ActiveCfg = Debug|Any CPU
		{A39FDF87-4822-464C-B0F8-EDC1FC379693}.Ad-Hoc|ARM.Build.0 = Debug|Any CPU
		{A39FDF87-4822-464C-B0F8-EDC1FC379693}.Ad-Hoc|iPhone.ActiveCfg = Release|Any CPU
		{A39FDF87-4822-464C-B0F8-EDC1FC379693}.Ad-Hoc|iPhone.Build.0 = Release|Any CPU
		{A39FDF87-4822-464C-B0F8-EDC1FC379693}.Ad-Hoc|iPhoneSimulator.ActiveCfg = Release|Any CPU
		{A39FDF87-4822-464C-B0F8-EDC1FC379693}.Ad-Hoc|iPhoneSimulator.Build.0 = Release|Any CPU
		{A39FDF87-4822-464C-B0F8-EDC1FC379693}.Ad-Hoc|x64.ActiveCfg = Debug|Any CPU
		{A39FDF87-4822-464C-B0F8-EDC1FC379693}.Ad-Hoc|x64.Build.0 = Debug|Any CPU
		{A39FDF87-4822-464C-B0F8-EDC1FC379693}.Ad-Hoc|x86.ActiveCfg = Debug|Any CPU
		{A39FDF87-4822-464C-B0F8-EDC1FC379693}.Ad-Hoc|x86.Build.0 = Debug|Any CPU
		{A39FDF87-4822-464C-B0F8-EDC1FC379693}.AppStore|Any CPU.ActiveCfg = Release|Any CPU
		{A39FDF87-4822-464C-B0F8-EDC1FC379693}.AppStore|Any CPU.Build.0 = Release|Any CPU
		{A39FDF87-4822-464C-B0F8-EDC1FC379693}.AppStore|ARM.ActiveCfg = Debug|Any CPU
		{A39FDF87-4822-464C-B0F8-EDC1FC379693}.AppStore|ARM.Build.0 = Debug|Any CPU
		{A39FDF87-4822-464C-B0F8-EDC1FC379693}.AppStore|iPhone.ActiveCfg = Release|Any CPU
		{A39FDF87-4822-464C-B0F8-EDC1FC379693}.AppStore|iPhone.Build.0 = Release|Any CPU
		{A39FDF87-4822-464C-B0F8-EDC1FC379693}.AppStore|iPhoneSimulator.ActiveCfg = Release|Any CPU
		{A39FDF87-4822-464C-B0F8-EDC1FC379693}.AppStore|iPhoneSimulator.Build.0 = Release|Any CPU
		{A39FDF87-4822-464C-B0F8-EDC1FC379693}.AppStore|x64.ActiveCfg = Debug|Any CPU
		{A39FDF87-4822-464C-B0F8-EDC1FC379693}.AppStore|x64.Build.0 = Debug|Any CPU
		{A39FDF87-4822-464C-B0F8-EDC1FC379693}.AppStore|x86.ActiveCfg = Debug|Any CPU
		{A39FDF87-4822-464C-B0F8-EDC1FC379693}.AppStore|x86.Build.0 = Debug|Any CPU
		{A39FDF87-4822-464C-B0F8-EDC1FC379693}.Debug|Any CPU.ActiveCfg = Debug|Any CPU
		{A39FDF87-4822-464C-B0F8-EDC1FC379693}.Debug|Any CPU.Build.0 = Debug|Any CPU
		{A39FDF87-4822-464C-B0F8-EDC1FC379693}.Debug|ARM.ActiveCfg = Debug|Any CPU
		{A39FDF87-4822-464C-B0F8-EDC1FC379693}.Debug|ARM.Build.0 = Debug|Any CPU
		{A39FDF87-4822-464C-B0F8-EDC1FC379693}.Debug|iPhone.ActiveCfg = Debug|Any CPU
		{A39FDF87-4822-464C-B0F8-EDC1FC379693}.Debug|iPhone.Build.0 = Debug|Any CPU
		{A39FDF87-4822-464C-B0F8-EDC1FC379693}.Debug|iPhoneSimulator.ActiveCfg = Debug|Any CPU
		{A39FDF87-4822-464C-B0F8-EDC1FC379693}.Debug|iPhoneSimulator.Build.0 = Debug|Any CPU
		{A39FDF87-4822-464C-B0F8-EDC1FC379693}.Debug|x64.ActiveCfg = Debug|Any CPU
		{A39FDF87-4822-464C-B0F8-EDC1FC379693}.Debug|x64.Build.0 = Debug|Any CPU
		{A39FDF87-4822-464C-B0F8-EDC1FC379693}.Debug|x86.ActiveCfg = Debug|Any CPU
		{A39FDF87-4822-464C-B0F8-EDC1FC379693}.Debug|x86.Build.0 = Debug|Any CPU
		{A39FDF87-4822-464C-B0F8-EDC1FC379693}.Release|Any CPU.ActiveCfg = Release|Any CPU
		{A39FDF87-4822-464C-B0F8-EDC1FC379693}.Release|Any CPU.Build.0 = Release|Any CPU
		{A39FDF87-4822-464C-B0F8-EDC1FC379693}.Release|ARM.ActiveCfg = Release|Any CPU
		{A39FDF87-4822-464C-B0F8-EDC1FC379693}.Release|ARM.Build.0 = Release|Any CPU
		{A39FDF87-4822-464C-B0F8-EDC1FC379693}.Release|iPhone.ActiveCfg = Release|Any CPU
		{A39FDF87-4822-464C-B0F8-EDC1FC379693}.Release|iPhone.Build.0 = Release|Any CPU
		{A39FDF87-4822-464C-B0F8-EDC1FC379693}.Release|iPhoneSimulator.ActiveCfg = Release|Any CPU
		{A39FDF87-4822-464C-B0F8-EDC1FC379693}.Release|iPhoneSimulator.Build.0 = Release|Any CPU
		{A39FDF87-4822-464C-B0F8-EDC1FC379693}.Release|x64.ActiveCfg = Release|Any CPU
		{A39FDF87-4822-464C-B0F8-EDC1FC379693}.Release|x64.Build.0 = Release|Any CPU
		{A39FDF87-4822-464C-B0F8-EDC1FC379693}.Release|x86.ActiveCfg = Release|Any CPU
		{A39FDF87-4822-464C-B0F8-EDC1FC379693}.Release|x86.Build.0 = Release|Any CPU
		{3C9DFF2F-2C58-4157-9E1C-8E4A7D2D1A09}.Ad-Hoc|Any CPU.ActiveCfg = Debug|Any CPU
		{3C9DFF2F-2C58-4157-9E1C-8E4A7D2D1A09}.Ad-Hoc|Any CPU.Build.0 = Debug|Any CPU
		{3C9DFF2F-2C58-4157-9E1C-8E4A7D2D1A09}.Ad-Hoc|ARM.ActiveCfg = Debug|Any CPU
		{3C9DFF2F-2C58-4157-9E1C-8E4A7D2D1A09}.Ad-Hoc|ARM.Build.0 = Debug|Any CPU
		{3C9DFF2F-2C58-4157-9E1C-8E4A7D2D1A09}.Ad-Hoc|iPhone.ActiveCfg = Debug|Any CPU
		{3C9DFF2F-2C58-4157-9E1C-8E4A7D2D1A09}.Ad-Hoc|iPhone.Build.0 = Debug|Any CPU
		{3C9DFF2F-2C58-4157-9E1C-8E4A7D2D1A09}.Ad-Hoc|iPhoneSimulator.ActiveCfg = Debug|Any CPU
		{3C9DFF2F-2C58-4157-9E1C-8E4A7D2D1A09}.Ad-Hoc|iPhoneSimulator.Build.0 = Debug|Any CPU
		{3C9DFF2F-2C58-4157-9E1C-8E4A7D2D1A09}.Ad-Hoc|x64.ActiveCfg = Debug|Any CPU
		{3C9DFF2F-2C58-4157-9E1C-8E4A7D2D1A09}.Ad-Hoc|x64.Build.0 = Debug|Any CPU
		{3C9DFF2F-2C58-4157-9E1C-8E4A7D2D1A09}.Ad-Hoc|x86.ActiveCfg = Debug|Any CPU
		{3C9DFF2F-2C58-4157-9E1C-8E4A7D2D1A09}.Ad-Hoc|x86.Build.0 = Debug|Any CPU
		{3C9DFF2F-2C58-4157-9E1C-8E4A7D2D1A09}.AppStore|Any CPU.ActiveCfg = Debug|Any CPU
		{3C9DFF2F-2C58-4157-9E1C-8E4A7D2D1A09}.AppStore|Any CPU.Build.0 = Debug|Any CPU
		{3C9DFF2F-2C58-4157-9E1C-8E4A7D2D1A09}.AppStore|ARM.ActiveCfg = Debug|Any CPU
		{3C9DFF2F-2C58-4157-9E1C-8E4A7D2D1A09}.AppStore|ARM.Build.0 = Debug|Any CPU
		{3C9DFF2F-2C58-4157-9E1C-8E4A7D2D1A09}.AppStore|iPhone.ActiveCfg = Debug|Any CPU
		{3C9DFF2F-2C58-4157-9E1C-8E4A7D2D1A09}.AppStore|iPhone.Build.0 = Debug|Any CPU
		{3C9DFF2F-2C58-4157-9E1C-8E4A7D2D1A09}.AppStore|iPhoneSimulator.ActiveCfg = Debug|Any CPU
		{3C9DFF2F-2C58-4157-9E1C-8E4A7D2D1A09}.AppStore|iPhoneSimulator.Build.0 = Debug|Any CPU
		{3C9DFF2F-2C58-4157-9E1C-8E4A7D2D1A09}.AppStore|x64.ActiveCfg = Debug|Any CPU
		{3C9DFF2F-2C58-4157-9E1C-8E4A7D2D1A09}.AppStore|x64.Build.0 = Debug|Any CPU
		{3C9DFF2F-2C58-4157-9E1C-8E4A7D2D1A09}.AppStore|x86.ActiveCfg = Debug|Any CPU
		{3C9DFF2F-2C58-4157-9E1C-8E4A7D2D1A09}.AppStore|x86.Build.0 = Debug|Any CPU
		{3C9DFF2F-2C58-4157-9E1C-8E4A7D2D1A09}.Debug|Any CPU.ActiveCfg = Debug|Any CPU
		{3C9DFF2F-2C58-4157-9E1C-8E4A7D2D1A09}.Debug|Any CPU.Build.0 = Debug|Any CPU
		{3C9DFF2F-2C58-4157-9E1C-8E4A7D2D1A09}.Debug|ARM.ActiveCfg = Debug|Any CPU
		{3C9DFF2F-2C58-4157-9E1C-8E4A7D2D1A09}.Debug|ARM.Build.0 = Debug|Any CPU
		{3C9DFF2F-2C58-4157-9E1C-8E4A7D2D1A09}.Debug|iPhone.ActiveCfg = Debug|Any CPU
		{3C9DFF2F-2C58-4157-9E1C-8E4A7D2D1A09}.Debug|iPhone.Build.0 = Debug|Any CPU
		{3C9DFF2F-2C58-4157-9E1C-8E4A7D2D1A09}.Debug|iPhoneSimulator.ActiveCfg = Debug|Any CPU
		{3C9DFF2F-2C58-4157-9E1C-8E4A7D2D1A09}.Debug|iPhoneSimulator.Build.0 = Debug|Any CPU
		{3C9DFF2F-2C58-4157-9E1C-8E4A7D2D1A09}.Debug|x64.ActiveCfg = Debug|Any CPU
		{3C9DFF2F-2C58-4157-9E1C-8E4A7D2D1A09}.Debug|x64.Build.0 = Debug|Any CPU
		{3C9DFF2F-2C58-4157-9E1C-8E4A7D2D1A09}.Debug|x86.ActiveCfg = Debug|Any CPU
		{3C9DFF2F-2C58-4157-9E1C-8E4A7D2D1A09}.Debug|x86.Build.0 = Debug|Any CPU
		{3C9DFF2F-2C58-4157-9E1C-8E4A7D2D1A09}.Release|Any CPU.ActiveCfg = Release|Any CPU
		{3C9DFF2F-2C58-4157-9E1C-8E4A7D2D1A09}.Release|Any CPU.Build.0 = Release|Any CPU
		{3C9DFF2F-2C58-4157-9E1C-8E4A7D2D1A09}.Release|ARM.ActiveCfg = Release|Any CPU
		{3C9DFF2F-2C58-4157-9E1C-8E4A7D2D1A09}.Release|ARM.Build.0 = Release|Any CPU
		{3C9DFF2F-2C58-4157-9E1C-8E4A7D2D1A09}.Release|iPhone.ActiveCfg = Release|Any CPU
		{3C9DFF2F-2C58-4157-9E1C-8E4A7D2D1A09}.Release|iPhone.Build.0 = Release|Any CPU
		{3C9DFF2F-2C58-4157-9E1C-8E4A7D2D1A09}.Release|iPhoneSimulator.ActiveCfg = Release|Any CPU
		{3C9DFF2F-2C58-4157-9E1C-8E4A7D2D1A09}.Release|iPhoneSimulator.Build.0 = Release|Any CPU
		{3C9DFF2F-2C58-4157-9E1C-8E4A7D2D1A09}.Release|x64.ActiveCfg = Release|Any CPU
		{3C9DFF2F-2C58-4157-9E1C-8E4A7D2D1A09}.Release|x64.Build.0 = Release|Any CPU
		{3C9DFF2F-2C58-4157-9E1C-8E4A7D2D1A09}.Release|x86.ActiveCfg = Release|Any CPU
		{3C9DFF2F-2C58-4157-9E1C-8E4A7D2D1A09}.Release|x86.Build.0 = Release|Any CPU
		{B611DF41-94ED-4EA0-8BFF-7DDB3A80CA42}.Ad-Hoc|Any CPU.ActiveCfg = Release|Any CPU
		{B611DF41-94ED-4EA0-8BFF-7DDB3A80CA42}.Ad-Hoc|Any CPU.Build.0 = Release|Any CPU
		{B611DF41-94ED-4EA0-8BFF-7DDB3A80CA42}.Ad-Hoc|Any CPU.Deploy.0 = Release|Any CPU
		{B611DF41-94ED-4EA0-8BFF-7DDB3A80CA42}.Ad-Hoc|ARM.ActiveCfg = Release|Any CPU
		{B611DF41-94ED-4EA0-8BFF-7DDB3A80CA42}.Ad-Hoc|ARM.Build.0 = Release|Any CPU
		{B611DF41-94ED-4EA0-8BFF-7DDB3A80CA42}.Ad-Hoc|ARM.Deploy.0 = Release|Any CPU
		{B611DF41-94ED-4EA0-8BFF-7DDB3A80CA42}.Ad-Hoc|iPhone.ActiveCfg = Release|Any CPU
		{B611DF41-94ED-4EA0-8BFF-7DDB3A80CA42}.Ad-Hoc|iPhone.Build.0 = Release|Any CPU
		{B611DF41-94ED-4EA0-8BFF-7DDB3A80CA42}.Ad-Hoc|iPhone.Deploy.0 = Release|Any CPU
		{B611DF41-94ED-4EA0-8BFF-7DDB3A80CA42}.Ad-Hoc|iPhoneSimulator.ActiveCfg = Release|Any CPU
		{B611DF41-94ED-4EA0-8BFF-7DDB3A80CA42}.Ad-Hoc|iPhoneSimulator.Build.0 = Release|Any CPU
		{B611DF41-94ED-4EA0-8BFF-7DDB3A80CA42}.Ad-Hoc|iPhoneSimulator.Deploy.0 = Release|Any CPU
		{B611DF41-94ED-4EA0-8BFF-7DDB3A80CA42}.Ad-Hoc|x64.ActiveCfg = Release|Any CPU
		{B611DF41-94ED-4EA0-8BFF-7DDB3A80CA42}.Ad-Hoc|x64.Build.0 = Release|Any CPU
		{B611DF41-94ED-4EA0-8BFF-7DDB3A80CA42}.Ad-Hoc|x64.Deploy.0 = Release|Any CPU
		{B611DF41-94ED-4EA0-8BFF-7DDB3A80CA42}.Ad-Hoc|x86.ActiveCfg = Release|Any CPU
		{B611DF41-94ED-4EA0-8BFF-7DDB3A80CA42}.Ad-Hoc|x86.Build.0 = Release|Any CPU
		{B611DF41-94ED-4EA0-8BFF-7DDB3A80CA42}.Ad-Hoc|x86.Deploy.0 = Release|Any CPU
		{B611DF41-94ED-4EA0-8BFF-7DDB3A80CA42}.AppStore|Any CPU.ActiveCfg = Release|Any CPU
		{B611DF41-94ED-4EA0-8BFF-7DDB3A80CA42}.AppStore|Any CPU.Build.0 = Release|Any CPU
		{B611DF41-94ED-4EA0-8BFF-7DDB3A80CA42}.AppStore|Any CPU.Deploy.0 = Release|Any CPU
		{B611DF41-94ED-4EA0-8BFF-7DDB3A80CA42}.AppStore|ARM.ActiveCfg = Release|Any CPU
		{B611DF41-94ED-4EA0-8BFF-7DDB3A80CA42}.AppStore|ARM.Build.0 = Release|Any CPU
		{B611DF41-94ED-4EA0-8BFF-7DDB3A80CA42}.AppStore|ARM.Deploy.0 = Release|Any CPU
		{B611DF41-94ED-4EA0-8BFF-7DDB3A80CA42}.AppStore|iPhone.ActiveCfg = Release|Any CPU
		{B611DF41-94ED-4EA0-8BFF-7DDB3A80CA42}.AppStore|iPhone.Build.0 = Release|Any CPU
		{B611DF41-94ED-4EA0-8BFF-7DDB3A80CA42}.AppStore|iPhone.Deploy.0 = Release|Any CPU
		{B611DF41-94ED-4EA0-8BFF-7DDB3A80CA42}.AppStore|iPhoneSimulator.ActiveCfg = Release|Any CPU
		{B611DF41-94ED-4EA0-8BFF-7DDB3A80CA42}.AppStore|iPhoneSimulator.Build.0 = Release|Any CPU
		{B611DF41-94ED-4EA0-8BFF-7DDB3A80CA42}.AppStore|iPhoneSimulator.Deploy.0 = Release|Any CPU
		{B611DF41-94ED-4EA0-8BFF-7DDB3A80CA42}.AppStore|x64.ActiveCfg = Release|Any CPU
		{B611DF41-94ED-4EA0-8BFF-7DDB3A80CA42}.AppStore|x64.Build.0 = Release|Any CPU
		{B611DF41-94ED-4EA0-8BFF-7DDB3A80CA42}.AppStore|x64.Deploy.0 = Release|Any CPU
		{B611DF41-94ED-4EA0-8BFF-7DDB3A80CA42}.AppStore|x86.ActiveCfg = Release|Any CPU
		{B611DF41-94ED-4EA0-8BFF-7DDB3A80CA42}.AppStore|x86.Build.0 = Release|Any CPU
		{B611DF41-94ED-4EA0-8BFF-7DDB3A80CA42}.AppStore|x86.Deploy.0 = Release|Any CPU
		{B611DF41-94ED-4EA0-8BFF-7DDB3A80CA42}.Debug|Any CPU.ActiveCfg = Debug|Any CPU
		{B611DF41-94ED-4EA0-8BFF-7DDB3A80CA42}.Debug|Any CPU.Build.0 = Debug|Any CPU
		{B611DF41-94ED-4EA0-8BFF-7DDB3A80CA42}.Debug|Any CPU.Deploy.0 = Debug|Any CPU
		{B611DF41-94ED-4EA0-8BFF-7DDB3A80CA42}.Debug|ARM.ActiveCfg = Debug|Any CPU
		{B611DF41-94ED-4EA0-8BFF-7DDB3A80CA42}.Debug|ARM.Build.0 = Debug|Any CPU
		{B611DF41-94ED-4EA0-8BFF-7DDB3A80CA42}.Debug|ARM.Deploy.0 = Debug|Any CPU
		{B611DF41-94ED-4EA0-8BFF-7DDB3A80CA42}.Debug|iPhone.ActiveCfg = Debug|Any CPU
		{B611DF41-94ED-4EA0-8BFF-7DDB3A80CA42}.Debug|iPhone.Build.0 = Debug|Any CPU
		{B611DF41-94ED-4EA0-8BFF-7DDB3A80CA42}.Debug|iPhone.Deploy.0 = Debug|Any CPU
		{B611DF41-94ED-4EA0-8BFF-7DDB3A80CA42}.Debug|iPhoneSimulator.ActiveCfg = Debug|Any CPU
		{B611DF41-94ED-4EA0-8BFF-7DDB3A80CA42}.Debug|iPhoneSimulator.Build.0 = Debug|Any CPU
		{B611DF41-94ED-4EA0-8BFF-7DDB3A80CA42}.Debug|iPhoneSimulator.Deploy.0 = Debug|Any CPU
		{B611DF41-94ED-4EA0-8BFF-7DDB3A80CA42}.Debug|x64.ActiveCfg = Debug|Any CPU
		{B611DF41-94ED-4EA0-8BFF-7DDB3A80CA42}.Debug|x64.Build.0 = Debug|Any CPU
		{B611DF41-94ED-4EA0-8BFF-7DDB3A80CA42}.Debug|x64.Deploy.0 = Debug|Any CPU
		{B611DF41-94ED-4EA0-8BFF-7DDB3A80CA42}.Debug|x86.ActiveCfg = Debug|Any CPU
		{B611DF41-94ED-4EA0-8BFF-7DDB3A80CA42}.Debug|x86.Build.0 = Debug|Any CPU
		{B611DF41-94ED-4EA0-8BFF-7DDB3A80CA42}.Debug|x86.Deploy.0 = Debug|Any CPU
		{B611DF41-94ED-4EA0-8BFF-7DDB3A80CA42}.Release|Any CPU.ActiveCfg = Release|Any CPU
		{B611DF41-94ED-4EA0-8BFF-7DDB3A80CA42}.Release|Any CPU.Build.0 = Release|Any CPU
		{B611DF41-94ED-4EA0-8BFF-7DDB3A80CA42}.Release|Any CPU.Deploy.0 = Release|Any CPU
		{B611DF41-94ED-4EA0-8BFF-7DDB3A80CA42}.Release|ARM.ActiveCfg = Release|Any CPU
		{B611DF41-94ED-4EA0-8BFF-7DDB3A80CA42}.Release|ARM.Build.0 = Release|Any CPU
		{B611DF41-94ED-4EA0-8BFF-7DDB3A80CA42}.Release|ARM.Deploy.0 = Release|Any CPU
		{B611DF41-94ED-4EA0-8BFF-7DDB3A80CA42}.Release|iPhone.ActiveCfg = Release|Any CPU
		{B611DF41-94ED-4EA0-8BFF-7DDB3A80CA42}.Release|iPhone.Build.0 = Release|Any CPU
		{B611DF41-94ED-4EA0-8BFF-7DDB3A80CA42}.Release|iPhone.Deploy.0 = Release|Any CPU
		{B611DF41-94ED-4EA0-8BFF-7DDB3A80CA42}.Release|iPhoneSimulator.ActiveCfg = Release|Any CPU
		{B611DF41-94ED-4EA0-8BFF-7DDB3A80CA42}.Release|iPhoneSimulator.Build.0 = Release|Any CPU
		{B611DF41-94ED-4EA0-8BFF-7DDB3A80CA42}.Release|iPhoneSimulator.Deploy.0 = Release|Any CPU
		{B611DF41-94ED-4EA0-8BFF-7DDB3A80CA42}.Release|x64.ActiveCfg = Release|Any CPU
		{B611DF41-94ED-4EA0-8BFF-7DDB3A80CA42}.Release|x64.Build.0 = Release|Any CPU
		{B611DF41-94ED-4EA0-8BFF-7DDB3A80CA42}.Release|x64.Deploy.0 = Release|Any CPU
		{B611DF41-94ED-4EA0-8BFF-7DDB3A80CA42}.Release|x86.ActiveCfg = Release|Any CPU
		{B611DF41-94ED-4EA0-8BFF-7DDB3A80CA42}.Release|x86.Build.0 = Release|Any CPU
		{B611DF41-94ED-4EA0-8BFF-7DDB3A80CA42}.Release|x86.Deploy.0 = Release|Any CPU
		{45D7E694-F5CD-41F4-9755-91962BCB4CBB}.Ad-Hoc|Any CPU.ActiveCfg = Ad-Hoc|iPhone
		{45D7E694-F5CD-41F4-9755-91962BCB4CBB}.Ad-Hoc|ARM.ActiveCfg = Ad-Hoc|iPhone
		{45D7E694-F5CD-41F4-9755-91962BCB4CBB}.Ad-Hoc|iPhone.ActiveCfg = Ad-Hoc|iPhone
		{45D7E694-F5CD-41F4-9755-91962BCB4CBB}.Ad-Hoc|iPhone.Build.0 = Ad-Hoc|iPhone
		{45D7E694-F5CD-41F4-9755-91962BCB4CBB}.Ad-Hoc|iPhoneSimulator.ActiveCfg = Ad-Hoc|iPhoneSimulator
		{45D7E694-F5CD-41F4-9755-91962BCB4CBB}.Ad-Hoc|iPhoneSimulator.Build.0 = Ad-Hoc|iPhoneSimulator
		{45D7E694-F5CD-41F4-9755-91962BCB4CBB}.Ad-Hoc|x64.ActiveCfg = Ad-Hoc|iPhone
		{45D7E694-F5CD-41F4-9755-91962BCB4CBB}.Ad-Hoc|x86.ActiveCfg = Ad-Hoc|iPhone
		{45D7E694-F5CD-41F4-9755-91962BCB4CBB}.AppStore|Any CPU.ActiveCfg = AppStore|iPhone
		{45D7E694-F5CD-41F4-9755-91962BCB4CBB}.AppStore|ARM.ActiveCfg = AppStore|iPhone
		{45D7E694-F5CD-41F4-9755-91962BCB4CBB}.AppStore|iPhone.ActiveCfg = AppStore|iPhone
		{45D7E694-F5CD-41F4-9755-91962BCB4CBB}.AppStore|iPhone.Build.0 = AppStore|iPhone
		{45D7E694-F5CD-41F4-9755-91962BCB4CBB}.AppStore|iPhoneSimulator.ActiveCfg = AppStore|iPhoneSimulator
		{45D7E694-F5CD-41F4-9755-91962BCB4CBB}.AppStore|iPhoneSimulator.Build.0 = AppStore|iPhoneSimulator
		{45D7E694-F5CD-41F4-9755-91962BCB4CBB}.AppStore|x64.ActiveCfg = AppStore|iPhone
		{45D7E694-F5CD-41F4-9755-91962BCB4CBB}.AppStore|x86.ActiveCfg = AppStore|iPhone
		{45D7E694-F5CD-41F4-9755-91962BCB4CBB}.Debug|Any CPU.ActiveCfg = Debug|iPhone
		{45D7E694-F5CD-41F4-9755-91962BCB4CBB}.Debug|ARM.ActiveCfg = Debug|iPhone
		{45D7E694-F5CD-41F4-9755-91962BCB4CBB}.Debug|iPhone.ActiveCfg = Debug|iPhone
		{45D7E694-F5CD-41F4-9755-91962BCB4CBB}.Debug|iPhone.Build.0 = Debug|iPhone
		{45D7E694-F5CD-41F4-9755-91962BCB4CBB}.Debug|iPhoneSimulator.ActiveCfg = Debug|iPhoneSimulator
		{45D7E694-F5CD-41F4-9755-91962BCB4CBB}.Debug|iPhoneSimulator.Build.0 = Debug|iPhoneSimulator
		{45D7E694-F5CD-41F4-9755-91962BCB4CBB}.Debug|x64.ActiveCfg = Debug|iPhone
		{45D7E694-F5CD-41F4-9755-91962BCB4CBB}.Debug|x86.ActiveCfg = Debug|iPhone
		{45D7E694-F5CD-41F4-9755-91962BCB4CBB}.Release|Any CPU.ActiveCfg = Release|iPhone
		{45D7E694-F5CD-41F4-9755-91962BCB4CBB}.Release|ARM.ActiveCfg = Release|iPhone
		{45D7E694-F5CD-41F4-9755-91962BCB4CBB}.Release|iPhone.ActiveCfg = Release|iPhone
		{45D7E694-F5CD-41F4-9755-91962BCB4CBB}.Release|iPhone.Build.0 = Release|iPhone
		{45D7E694-F5CD-41F4-9755-91962BCB4CBB}.Release|iPhoneSimulator.ActiveCfg = Release|iPhoneSimulator
		{45D7E694-F5CD-41F4-9755-91962BCB4CBB}.Release|iPhoneSimulator.Build.0 = Release|iPhoneSimulator
		{45D7E694-F5CD-41F4-9755-91962BCB4CBB}.Release|x64.ActiveCfg = Release|iPhone
		{45D7E694-F5CD-41F4-9755-91962BCB4CBB}.Release|x86.ActiveCfg = Release|iPhone
	EndGlobalSection
	GlobalSection(SolutionProperties) = preSolution
		HideSolutionNode = FALSE
	EndGlobalSection
	GlobalSection(ExtensibilityGlobals) = postSolution
		SolutionGuid = {6CED7BA0-E7D2-4C99-9FD9-2312BAA19BA7}
	EndGlobalSection
EndGlobal
