
Microsoft Visual Studio Solution File, Format Version 12.00
# Visual Studio Version 16
VisualStudioVersion = 16.0.29215.179
MinimumVisualStudioVersion = 10.0.40219.1
Project("{FAE04EC0-301F-11D3-BF4B-00C04F79EFBC}") = "MyTips.Common", "MyTips.Common\MyTips.Common.csproj", "{342D3FD4-04B5-4B73-8D05-2A296E984BF4}"
EndProject
Project("{FAE04EC0-301F-11D3-BF4B-00C04F79EFBC}") = "MyTips.Web", "MyTips.Web\MyTips.Web.csproj", "{A39FDF87-4822-464C-B0F8-EDC1FC379693}"
EndProject
Global
	GlobalSection(SolutionConfigurationPlatforms) = preSolution
		Debug|Any CPU = Debug|Any CPU
		Release|Any CPU = Release|Any CPU
	EndGlobalSection
	GlobalSection(ProjectConfigurationPlatforms) = postSolution
		{342D3FD4-04B5-4B73-8D05-2A296E984BF4}.Debug|Any CPU.ActiveCfg = Debug|Any CPU
		{342D3FD4-04B5-4B73-8D05-2A296E984BF4}.Debug|Any CPU.Build.0 = Debug|Any CPU
		{342D3FD4-04B5-4B73-8D05-2A296E984BF4}.Release|Any CPU.ActiveCfg = Release|Any CPU
		{342D3FD4-04B5-4B73-8D05-2A296E984BF4}.Release|Any CPU.Build.0 = Release|Any CPU
		{A39FDF87-4822-464C-B0F8-EDC1FC379693}.Debug|Any CPU.ActiveCfg = Debug|Any CPU
		{A39FDF87-4822-464C-B0F8-EDC1FC379693}.Debug|Any CPU.Build.0 = Debug|Any CPU
		{A39FDF87-4822-464C-B0F8-EDC1FC379693}.Release|Any CPU.ActiveCfg = Release|Any CPU
		{A39FDF87-4822-464C-B0F8-EDC1FC379693}.Release|Any CPU.Build.0 = Release|Any CPU
	EndGlobalSection
	GlobalSection(SolutionProperties) = preSolution
		HideSolutionNode = FALSE
	EndGlobalSection
	GlobalSection(ExtensibilityGlobals) = postSolution
		SolutionGuid = {6CED7BA0-E7D2-4C99-9FD9-2312BAA19BA7}
	EndGlobalSection
EndGlobal
